
Microsoft Visual Studio Solution File, Format Version 12.00
# Visual Studio 15
VisualStudioVersion = 15.0.28307.421
MinimumVisualStudioVersion = 10.0.40219.1
Project("{2150E333-8FDC-42A3-9474-1A3956D46DE8}") = "69.WebAndAPI", "69.WebAndAPI", "{1E887008-6483-4C94-BBB5-ED8E94CFED46}"
EndProject
Project("{2150E333-8FDC-42A3-9474-1A3956D46DE8}") = "12.Entities", "12.Entities", "{859A4A29-22AC-4C31-9342-CCA5010A0259}"
EndProject
Project("{FAE04EC0-301F-11D3-BF4B-00C04F79EFBC}") = "Northwind.Entities", "12.Entities\Northwind.Entities\Northwind.Entities.csproj", "{6F7D179D-2757-404B-911A-85D281BC7AFD}"
EndProject
Project("{2150E333-8FDC-42A3-9474-1A3956D46DE8}") = "61.Modules", "61.Modules", "{F1F5A117-D3A2-4587-8F61-C0394E8C50F9}"
EndProject
Project("{FAE04EC0-301F-11D3-BF4B-00C04F79EFBC}") = "Northwind.Modules.Interface", "61.Modules\Northwind.Modules.Interface\Northwind.Modules.Interface.csproj", "{343EA443-E6F2-45B8-A9EB-0AEA6D2790E2}"
EndProject
Project("{FAE04EC0-301F-11D3-BF4B-00C04F79EFBC}") = "Northwind.Modules.Service", "61.Modules\Northwind.Modules.Service\Northwind.Modules.Service.csproj", "{751403AD-9683-48A7-8D8D-2B8CD90F60BC}"
EndProject
Project("{FAE04EC0-301F-11D3-BF4B-00C04F79EFBC}") = "Northwind.Modules.Repositories", "61.Modules\Northwind.Modules.Repositories\Northwind.Modules.Repositories.csproj", "{04E01B80-528E-4558-940B-0A6411B1F950}"
EndProject
Project("{2150E333-8FDC-42A3-9474-1A3956D46DE8}") = "00.Library", "00.Library", "{18C1AA8A-5B0D-4FF1-A9D0-4D23CFCFBF17}"
EndProject
Project("{2150E333-8FDC-42A3-9474-1A3956D46DE8}") = "11.Domain", "11.Domain", "{56B9155E-2D9B-4487-8ABF-5D49931CEA40}"
EndProject
Project("{FAE04EC0-301F-11D3-BF4B-00C04F79EFBC}") = "Northwind.Domain", "11.Domain\Northwind.Domain\Northwind.Domain.csproj", "{9CA38358-10FC-49A5-9394-E3C5854D8169}"
EndProject
Project("{FAE04EC0-301F-11D3-BF4B-00C04F79EFBC}") = "Northwind.WebApi.Host", "69.WebAndAPI\Northwind.WebApi.Host\Northwind.WebApi.Host.csproj", "{D931E23A-928B-4C59-B637-3CC190C7A5C3}"
EndProject
Project("{FAE04EC0-301F-11D3-BF4B-00C04F79EFBC}") = "Thinkpower.ModuleResolver", "00.Library\Thinkpower.ModuleResolver\Thinkpower.ModuleResolver.csproj", "{91DE9AAD-9B01-4545-82A8-26283285E369}"
EndProject
Project("{9A19103F-16F7-4668-BE54-9A1E7A4F7556}") = "Thinkpower.Core", "00.Library\Thinkpower.Core\Thinkpower.Core.csproj", "{F1071A67-8AA2-44EA-B650-EAF681641AAB}"
EndProject
Project("{FAE04EC0-301F-11D3-BF4B-00C04F79EFBC}") = "Thinkpower.Core.Web", "00.Library\Thinkpower.Core.Web\Thinkpower.Core.Web.csproj", "{DCBCAB4A-960E-48C1-8A79-AC2050719CCC}"
EndProject
Project("{9A19103F-16F7-4668-BE54-9A1E7A4F7556}") = "Thinkpower.Core.App", "00.Library\Thinkpower.Core.App\Thinkpower.Core.App.csproj", "{A346B1D0-3161-4D60-9A6B-B8A03A553DD5}"
EndProject
Project("{FAE04EC0-301F-11D3-BF4B-00C04F79EFBC}") = "MyLibrary", "00.Library\MyLibrary\MyLibrary.csproj", "{E6A84E0E-82DC-4FB2-BD62-7B18EC53EA8B}"
EndProject
Project("{2150E333-8FDC-42A3-9474-1A3956D46DE8}") = "13.Adapters", "13.Adapters", "{60A0D413-0631-474F-AA7B-CCD01ECC39CA}"
EndProject
Project("{FAE04EC0-301F-11D3-BF4B-00C04F79EFBC}") = "Adapters", "13.Adapters\Adapters\Adapters.csproj", "{FF9788F5-C4F4-4009-83AD-768CFAB3B73F}"
EndProject
Project("{FAE04EC0-301F-11D3-BF4B-00C04F79EFBC}") = "MyDataTables", "00.Library\MyDataTables\MyDataTables.csproj", "{940377E9-B797-4D55-A4B1-8793592C5D20}"
EndProject
Global
	GlobalSection(SolutionConfigurationPlatforms) = preSolution
		Debug|Any CPU = Debug|Any CPU
		Release|Any CPU = Release|Any CPU
	EndGlobalSection
	GlobalSection(ProjectConfigurationPlatforms) = postSolution
		{6F7D179D-2757-404B-911A-85D281BC7AFD}.Debug|Any CPU.ActiveCfg = Debug|Any CPU
		{6F7D179D-2757-404B-911A-85D281BC7AFD}.Debug|Any CPU.Build.0 = Debug|Any CPU
		{6F7D179D-2757-404B-911A-85D281BC7AFD}.Release|Any CPU.ActiveCfg = Release|Any CPU
		{6F7D179D-2757-404B-911A-85D281BC7AFD}.Release|Any CPU.Build.0 = Release|Any CPU
		{343EA443-E6F2-45B8-A9EB-0AEA6D2790E2}.Debug|Any CPU.ActiveCfg = Debug|Any CPU
		{343EA443-E6F2-45B8-A9EB-0AEA6D2790E2}.Debug|Any CPU.Build.0 = Debug|Any CPU
		{343EA443-E6F2-45B8-A9EB-0AEA6D2790E2}.Release|Any CPU.ActiveCfg = Release|Any CPU
		{343EA443-E6F2-45B8-A9EB-0AEA6D2790E2}.Release|Any CPU.Build.0 = Release|Any CPU
		{751403AD-9683-48A7-8D8D-2B8CD90F60BC}.Debug|Any CPU.ActiveCfg = Debug|Any CPU
		{751403AD-9683-48A7-8D8D-2B8CD90F60BC}.Debug|Any CPU.Build.0 = Debug|Any CPU
		{751403AD-9683-48A7-8D8D-2B8CD90F60BC}.Release|Any CPU.ActiveCfg = Release|Any CPU
		{751403AD-9683-48A7-8D8D-2B8CD90F60BC}.Release|Any CPU.Build.0 = Release|Any CPU
		{04E01B80-528E-4558-940B-0A6411B1F950}.Debug|Any CPU.ActiveCfg = Debug|Any CPU
		{04E01B80-528E-4558-940B-0A6411B1F950}.Debug|Any CPU.Build.0 = Debug|Any CPU
		{04E01B80-528E-4558-940B-0A6411B1F950}.Release|Any CPU.ActiveCfg = Release|Any CPU
		{04E01B80-528E-4558-940B-0A6411B1F950}.Release|Any CPU.Build.0 = Release|Any CPU
		{9CA38358-10FC-49A5-9394-E3C5854D8169}.Debug|Any CPU.ActiveCfg = Debug|Any CPU
		{9CA38358-10FC-49A5-9394-E3C5854D8169}.Debug|Any CPU.Build.0 = Debug|Any CPU
		{9CA38358-10FC-49A5-9394-E3C5854D8169}.Release|Any CPU.ActiveCfg = Release|Any CPU
		{9CA38358-10FC-49A5-9394-E3C5854D8169}.Release|Any CPU.Build.0 = Release|Any CPU
		{D931E23A-928B-4C59-B637-3CC190C7A5C3}.Debug|Any CPU.ActiveCfg = Debug|Any CPU
		{D931E23A-928B-4C59-B637-3CC190C7A5C3}.Debug|Any CPU.Build.0 = Debug|Any CPU
		{D931E23A-928B-4C59-B637-3CC190C7A5C3}.Release|Any CPU.ActiveCfg = Release|Any CPU
		{D931E23A-928B-4C59-B637-3CC190C7A5C3}.Release|Any CPU.Build.0 = Release|Any CPU
		{91DE9AAD-9B01-4545-82A8-26283285E369}.Debug|Any CPU.ActiveCfg = Debug|Any CPU
		{91DE9AAD-9B01-4545-82A8-26283285E369}.Debug|Any CPU.Build.0 = Debug|Any CPU
		{91DE9AAD-9B01-4545-82A8-26283285E369}.Release|Any CPU.ActiveCfg = Release|Any CPU
		{91DE9AAD-9B01-4545-82A8-26283285E369}.Release|Any CPU.Build.0 = Release|Any CPU
		{F1071A67-8AA2-44EA-B650-EAF681641AAB}.Debug|Any CPU.ActiveCfg = Debug|Any CPU
		{F1071A67-8AA2-44EA-B650-EAF681641AAB}.Debug|Any CPU.Build.0 = Debug|Any CPU
		{F1071A67-8AA2-44EA-B650-EAF681641AAB}.Release|Any CPU.ActiveCfg = Release|Any CPU
		{F1071A67-8AA2-44EA-B650-EAF681641AAB}.Release|Any CPU.Build.0 = Release|Any CPU
		{DCBCAB4A-960E-48C1-8A79-AC2050719CCC}.Debug|Any CPU.ActiveCfg = Debug|Any CPU
		{DCBCAB4A-960E-48C1-8A79-AC2050719CCC}.Debug|Any CPU.Build.0 = Debug|Any CPU
		{DCBCAB4A-960E-48C1-8A79-AC2050719CCC}.Release|Any CPU.ActiveCfg = Release|Any CPU
		{DCBCAB4A-960E-48C1-8A79-AC2050719CCC}.Release|Any CPU.Build.0 = Release|Any CPU
		{A346B1D0-3161-4D60-9A6B-B8A03A553DD5}.Debug|Any CPU.ActiveCfg = Debug|Any CPU
		{A346B1D0-3161-4D60-9A6B-B8A03A553DD5}.Debug|Any CPU.Build.0 = Debug|Any CPU
		{A346B1D0-3161-4D60-9A6B-B8A03A553DD5}.Release|Any CPU.ActiveCfg = Release|Any CPU
		{A346B1D0-3161-4D60-9A6B-B8A03A553DD5}.Release|Any CPU.Build.0 = Release|Any CPU
		{E6A84E0E-82DC-4FB2-BD62-7B18EC53EA8B}.Debug|Any CPU.ActiveCfg = Debug|Any CPU
		{E6A84E0E-82DC-4FB2-BD62-7B18EC53EA8B}.Debug|Any CPU.Build.0 = Debug|Any CPU
		{E6A84E0E-82DC-4FB2-BD62-7B18EC53EA8B}.Release|Any CPU.ActiveCfg = Release|Any CPU
		{E6A84E0E-82DC-4FB2-BD62-7B18EC53EA8B}.Release|Any CPU.Build.0 = Release|Any CPU
		{FF9788F5-C4F4-4009-83AD-768CFAB3B73F}.Debug|Any CPU.ActiveCfg = Debug|Any CPU
		{FF9788F5-C4F4-4009-83AD-768CFAB3B73F}.Debug|Any CPU.Build.0 = Debug|Any CPU
		{FF9788F5-C4F4-4009-83AD-768CFAB3B73F}.Release|Any CPU.ActiveCfg = Release|Any CPU
		{FF9788F5-C4F4-4009-83AD-768CFAB3B73F}.Release|Any CPU.Build.0 = Release|Any CPU
		{940377E9-B797-4D55-A4B1-8793592C5D20}.Debug|Any CPU.ActiveCfg = Debug|Any CPU
		{940377E9-B797-4D55-A4B1-8793592C5D20}.Debug|Any CPU.Build.0 = Debug|Any CPU
		{940377E9-B797-4D55-A4B1-8793592C5D20}.Release|Any CPU.ActiveCfg = Release|Any CPU
		{940377E9-B797-4D55-A4B1-8793592C5D20}.Release|Any CPU.Build.0 = Release|Any CPU
	EndGlobalSection
	GlobalSection(SolutionProperties) = preSolution
		HideSolutionNode = FALSE
	EndGlobalSection
	GlobalSection(NestedProjects) = preSolution
		{6F7D179D-2757-404B-911A-85D281BC7AFD} = {859A4A29-22AC-4C31-9342-CCA5010A0259}
		{343EA443-E6F2-45B8-A9EB-0AEA6D2790E2} = {F1F5A117-D3A2-4587-8F61-C0394E8C50F9}
		{751403AD-9683-48A7-8D8D-2B8CD90F60BC} = {F1F5A117-D3A2-4587-8F61-C0394E8C50F9}
		{04E01B80-528E-4558-940B-0A6411B1F950} = {F1F5A117-D3A2-4587-8F61-C0394E8C50F9}
		{9CA38358-10FC-49A5-9394-E3C5854D8169} = {56B9155E-2D9B-4487-8ABF-5D49931CEA40}
		{D931E23A-928B-4C59-B637-3CC190C7A5C3} = {1E887008-6483-4C94-BBB5-ED8E94CFED46}
		{91DE9AAD-9B01-4545-82A8-26283285E369} = {18C1AA8A-5B0D-4FF1-A9D0-4D23CFCFBF17}
		{F1071A67-8AA2-44EA-B650-EAF681641AAB} = {18C1AA8A-5B0D-4FF1-A9D0-4D23CFCFBF17}
		{DCBCAB4A-960E-48C1-8A79-AC2050719CCC} = {18C1AA8A-5B0D-4FF1-A9D0-4D23CFCFBF17}
		{A346B1D0-3161-4D60-9A6B-B8A03A553DD5} = {18C1AA8A-5B0D-4FF1-A9D0-4D23CFCFBF17}
		{E6A84E0E-82DC-4FB2-BD62-7B18EC53EA8B} = {18C1AA8A-5B0D-4FF1-A9D0-4D23CFCFBF17}
		{FF9788F5-C4F4-4009-83AD-768CFAB3B73F} = {60A0D413-0631-474F-AA7B-CCD01ECC39CA}
		{940377E9-B797-4D55-A4B1-8793592C5D20} = {18C1AA8A-5B0D-4FF1-A9D0-4D23CFCFBF17}
	EndGlobalSection
	GlobalSection(ExtensibilityGlobals) = postSolution
		SolutionGuid = {B4CBA472-EB87-429E-9934-D88C67FAB902}
	EndGlobalSection
EndGlobal
